
Microsoft Visual Studio Solution File, Format Version 12.00
# Visual Studio Version 16
VisualStudioVersion = 16.0.30523.141
MinimumVisualStudioVersion = 10.0.40219.1
Project("{FAE04EC0-301F-11D3-BF4B-00C04F79EFBC}") = "MDIApp_Task1", "MDIApp_Task1\MDIApp_Task1.csproj", "{F9CBC1AA-72E1-4E2F-AA85-8EA9A1EAC1F3}"
EndProject
Global
	GlobalSection(SolutionConfigurationPlatforms) = preSolution
		Debug|Any CPU = Debug|Any CPU
		Release|Any CPU = Release|Any CPU
	EndGlobalSection
	GlobalSection(ProjectConfigurationPlatforms) = postSolution
		{F9CBC1AA-72E1-4E2F-AA85-8EA9A1EAC1F3}.Debug|Any CPU.ActiveCfg = Debug|Any CPU
		{F9CBC1AA-72E1-4E2F-AA85-8EA9A1EAC1F3}.Debug|Any CPU.Build.0 = Debug|Any CPU
		{F9CBC1AA-72E1-4E2F-AA85-8EA9A1EAC1F3}.Release|Any CPU.ActiveCfg = Release|Any CPU
		{F9CBC1AA-72E1-4E2F-AA85-8EA9A1EAC1F3}.Release|Any CPU.Build.0 = Release|Any CPU
	EndGlobalSection
	GlobalSection(SolutionProperties) = preSolution
		HideSolutionNode = FALSE
	EndGlobalSection
	GlobalSection(ExtensibilityGlobals) = postSolution
		SolutionGuid = {862A24AD-3683-44E6-8FC0-BD879552775F}
	EndGlobalSection
EndGlobal
