
Microsoft Visual Studio Solution File, Format Version 12.00
# Visual Studio Version 16
VisualStudioVersion = 16.0.30523.141
MinimumVisualStudioVersion = 10.0.40219.1
Project("{FAE04EC0-301F-11D3-BF4B-00C04F79EFBC}") = "Task3_PuzzleGame", "Task3_PuzzleGame\Task3_PuzzleGame.csproj", "{CBE2C794-D4BF-4EE0-A57D-56C357072C7A}"
EndProject
Global
	GlobalSection(SolutionConfigurationPlatforms) = preSolution
		Debug|Any CPU = Debug|Any CPU
		Release|Any CPU = Release|Any CPU
	EndGlobalSection
	GlobalSection(ProjectConfigurationPlatforms) = postSolution
		{CBE2C794-D4BF-4EE0-A57D-56C357072C7A}.Debug|Any CPU.ActiveCfg = Debug|Any CPU
		{CBE2C794-D4BF-4EE0-A57D-56C357072C7A}.Debug|Any CPU.Build.0 = Debug|Any CPU
		{CBE2C794-D4BF-4EE0-A57D-56C357072C7A}.Release|Any CPU.ActiveCfg = Release|Any CPU
		{CBE2C794-D4BF-4EE0-A57D-56C357072C7A}.Release|Any CPU.Build.0 = Release|Any CPU
	EndGlobalSection
	GlobalSection(SolutionProperties) = preSolution
		HideSolutionNode = FALSE
	EndGlobalSection
	GlobalSection(ExtensibilityGlobals) = postSolution
		SolutionGuid = {7A5FCE66-1138-4193-BDEC-5A8C9350837B}
	EndGlobalSection
EndGlobal
